
Microsoft Visual Studio Solution File, Format Version 12.00
# Visual Studio Version 17
VisualStudioVersion = 17.11.35312.102
MinimumVisualStudioVersion = 10.0.40219.1
Project("{FAE04EC0-301F-11D3-BF4B-00C04F79EFBC}") = "conversordeGraus", "conversordeGraus\conversordeGraus.csproj", "{C69FE5C6-4B08-44A2-8B9E-B489684D9805}"
EndProject
Global
	GlobalSection(SolutionConfigurationPlatforms) = preSolution
		Debug|Any CPU = Debug|Any CPU
		Release|Any CPU = Release|Any CPU
	EndGlobalSection
	GlobalSection(ProjectConfigurationPlatforms) = postSolution
		{C69FE5C6-4B08-44A2-8B9E-B489684D9805}.Debug|Any CPU.ActiveCfg = Debug|Any CPU
		{C69FE5C6-4B08-44A2-8B9E-B489684D9805}.Debug|Any CPU.Build.0 = Debug|Any CPU
		{C69FE5C6-4B08-44A2-8B9E-B489684D9805}.Release|Any CPU.ActiveCfg = Release|Any CPU
		{C69FE5C6-4B08-44A2-8B9E-B489684D9805}.Release|Any CPU.Build.0 = Release|Any CPU
	EndGlobalSection
	GlobalSection(SolutionProperties) = preSolution
		HideSolutionNode = FALSE
	EndGlobalSection
	GlobalSection(ExtensibilityGlobals) = postSolution
		SolutionGuid = {E258E1F8-24C8-440E-A659-FB57E896A2CA}
	EndGlobalSection
EndGlobal
